
Microsoft Visual Studio Solution File, Format Version 12.00
# Visual Studio Version 17
VisualStudioVersion = 17.8.34309.116
MinimumVisualStudioVersion = 10.0.40219.1
Project("{FAE04EC0-301F-11D3-BF4B-00C04F79EFBC}") = "C03_EException", "C03_EException\C03_EException.csproj", "{6C2BD2D5-BC76-4DF1-ABCC-1D962640ADAF}"
EndProject
Project("{FAE04EC0-301F-11D3-BF4B-00C04F79EFBC}") = "C03_excepEx", "C03_excepEx\C03_excepEx.csproj", "{DF5B4F66-70FA-4284-B781-2E8EA54E1585}"
EndProject
Project("{FAE04EC0-301F-11D3-BF4B-00C04F79EFBC}") = "CHeckedUncheked", "CHeckedUncheked\CHeckedUncheked.csproj", "{3657D24F-6C5B-4BEA-9CCB-47C04462C402}"
EndProject
Project("{FAE04EC0-301F-11D3-BF4B-00C04F79EFBC}") = "C03Class", "C03Class\C03Class.csproj", "{D657C174-AEAF-43E8-9AF5-25B43F420C74}"
EndProject
Global
	GlobalSection(SolutionConfigurationPlatforms) = preSolution
		Debug|Any CPU = Debug|Any CPU
		Release|Any CPU = Release|Any CPU
	EndGlobalSection
	GlobalSection(ProjectConfigurationPlatforms) = postSolution
		{6C2BD2D5-BC76-4DF1-ABCC-1D962640ADAF}.Debug|Any CPU.ActiveCfg = Debug|Any CPU
		{6C2BD2D5-BC76-4DF1-ABCC-1D962640ADAF}.Debug|Any CPU.Build.0 = Debug|Any CPU
		{6C2BD2D5-BC76-4DF1-ABCC-1D962640ADAF}.Release|Any CPU.ActiveCfg = Release|Any CPU
		{6C2BD2D5-BC76-4DF1-ABCC-1D962640ADAF}.Release|Any CPU.Build.0 = Release|Any CPU
		{DF5B4F66-70FA-4284-B781-2E8EA54E1585}.Debug|Any CPU.ActiveCfg = Debug|Any CPU
		{DF5B4F66-70FA-4284-B781-2E8EA54E1585}.Debug|Any CPU.Build.0 = Debug|Any CPU
		{DF5B4F66-70FA-4284-B781-2E8EA54E1585}.Release|Any CPU.ActiveCfg = Release|Any CPU
		{DF5B4F66-70FA-4284-B781-2E8EA54E1585}.Release|Any CPU.Build.0 = Release|Any CPU
		{3657D24F-6C5B-4BEA-9CCB-47C04462C402}.Debug|Any CPU.ActiveCfg = Debug|Any CPU
		{3657D24F-6C5B-4BEA-9CCB-47C04462C402}.Debug|Any CPU.Build.0 = Debug|Any CPU
		{3657D24F-6C5B-4BEA-9CCB-47C04462C402}.Release|Any CPU.ActiveCfg = Release|Any CPU
		{3657D24F-6C5B-4BEA-9CCB-47C04462C402}.Release|Any CPU.Build.0 = Release|Any CPU
		{D657C174-AEAF-43E8-9AF5-25B43F420C74}.Debug|Any CPU.ActiveCfg = Debug|Any CPU
		{D657C174-AEAF-43E8-9AF5-25B43F420C74}.Debug|Any CPU.Build.0 = Debug|Any CPU
		{D657C174-AEAF-43E8-9AF5-25B43F420C74}.Release|Any CPU.ActiveCfg = Release|Any CPU
		{D657C174-AEAF-43E8-9AF5-25B43F420C74}.Release|Any CPU.Build.0 = Release|Any CPU
	EndGlobalSection
	GlobalSection(SolutionProperties) = preSolution
		HideSolutionNode = FALSE
	EndGlobalSection
	GlobalSection(ExtensibilityGlobals) = postSolution
		SolutionGuid = {BBC714DE-405F-42A4-85FA-EF336B65E3E6}
	EndGlobalSection
EndGlobal
